<Solution>
  <Folder Name="/src/">
    <Project Path="src/BankMap.Application/BankMap.Application.csproj" />
    <Project Path="src/BankMap.Domain/BankMap.Domain.csproj" />
    <Project Path="src/BankMap.Infrastructure/BankMap.Infrastructure.csproj" />
    <Project Path="src/BankMap.WebApi/BankMap.WebApi.csproj" />
  </Folder>
</Solution>
